
Microsoft Visual Studio Solution File, Format Version 11.00
# Visual Studio 2010
Project("{F2A71F9B-5D33-465A-A702-920D77279786}") = "FsiRunner", "FsiRunner\FsiRunner.fsproj", "{AD37C077-1EBA-42EC-8894-FDC27F23A8E0}"
EndProject
Project("{FAE04EC0-301F-11D3-BF4B-00C04F79EFBC}") = "ConsoleDemo", "ConsoleDemo\ConsoleDemo.csproj", "{742D99A8-F935-4765-8F4F-9C9792DEF7F2}"
EndProject
Global
	GlobalSection(SolutionConfigurationPlatforms) = preSolution
		Debug|Any CPU = Debug|Any CPU
		Debug|Mixed Platforms = Debug|Mixed Platforms
		Debug|x86 = Debug|x86
		Release|Any CPU = Release|Any CPU
		Release|Mixed Platforms = Release|Mixed Platforms
		Release|x86 = Release|x86
	EndGlobalSection
	GlobalSection(ProjectConfigurationPlatforms) = postSolution
		{AD37C077-1EBA-42EC-8894-FDC27F23A8E0}.Debug|Any CPU.ActiveCfg = Debug|Any CPU
		{AD37C077-1EBA-42EC-8894-FDC27F23A8E0}.Debug|Any CPU.Build.0 = Debug|Any CPU
		{AD37C077-1EBA-42EC-8894-FDC27F23A8E0}.Debug|Mixed Platforms.ActiveCfg = Debug|Any CPU
		{AD37C077-1EBA-42EC-8894-FDC27F23A8E0}.Debug|Mixed Platforms.Build.0 = Debug|Any CPU
		{AD37C077-1EBA-42EC-8894-FDC27F23A8E0}.Debug|x86.ActiveCfg = Debug|Any CPU
		{AD37C077-1EBA-42EC-8894-FDC27F23A8E0}.Release|Any CPU.ActiveCfg = Release|Any CPU
		{AD37C077-1EBA-42EC-8894-FDC27F23A8E0}.Release|Any CPU.Build.0 = Release|Any CPU
		{AD37C077-1EBA-42EC-8894-FDC27F23A8E0}.Release|Mixed Platforms.ActiveCfg = Release|Any CPU
		{AD37C077-1EBA-42EC-8894-FDC27F23A8E0}.Release|Mixed Platforms.Build.0 = Release|Any CPU
		{AD37C077-1EBA-42EC-8894-FDC27F23A8E0}.Release|x86.ActiveCfg = Release|Any CPU
		{742D99A8-F935-4765-8F4F-9C9792DEF7F2}.Debug|Any CPU.ActiveCfg = Debug|x86
		{742D99A8-F935-4765-8F4F-9C9792DEF7F2}.Debug|Mixed Platforms.ActiveCfg = Debug|x86
		{742D99A8-F935-4765-8F4F-9C9792DEF7F2}.Debug|Mixed Platforms.Build.0 = Debug|x86
		{742D99A8-F935-4765-8F4F-9C9792DEF7F2}.Debug|x86.ActiveCfg = Debug|x86
		{742D99A8-F935-4765-8F4F-9C9792DEF7F2}.Debug|x86.Build.0 = Debug|x86
		{742D99A8-F935-4765-8F4F-9C9792DEF7F2}.Release|Any CPU.ActiveCfg = Release|x86
		{742D99A8-F935-4765-8F4F-9C9792DEF7F2}.Release|Mixed Platforms.ActiveCfg = Release|x86
		{742D99A8-F935-4765-8F4F-9C9792DEF7F2}.Release|Mixed Platforms.Build.0 = Release|x86
		{742D99A8-F935-4765-8F4F-9C9792DEF7F2}.Release|x86.ActiveCfg = Release|x86
		{742D99A8-F935-4765-8F4F-9C9792DEF7F2}.Release|x86.Build.0 = Release|x86
	EndGlobalSection
	GlobalSection(SolutionProperties) = preSolution
		HideSolutionNode = FALSE
	EndGlobalSection
EndGlobal
